
Microsoft Visual Studio Solution File, Format Version 12.00
# Visual Studio Version 17
VisualStudioVersion = 17.7.34221.43
MinimumVisualStudioVersion = 10.0.40219.1
Project("{FAE04EC0-301F-11D3-BF4B-00C04F79EFBC}") = "DAL", "DAL\DAL.csproj", "{B8FF794B-8215-40A8-9076-479BD39BF063}"
EndProject
Project("{FAE04EC0-301F-11D3-BF4B-00C04F79EFBC}") = "BLL", "BLL\BLL.csproj", "{F493152E-28E9-4221-BE64-B11EEB2A08A3}"
EndProject
Project("{FAE04EC0-301F-11D3-BF4B-00C04F79EFBC}") = "UIUXHIEUTHUOC", "UIUXHIEUTHUOC\UIUXHIEUTHUOC.csproj", "{9B8F50BB-A07C-4CA6-B1FD-C0FD44F799D0}"
EndProject
Global
	GlobalSection(SolutionConfigurationPlatforms) = preSolution
		Debug|Any CPU = Debug|Any CPU
		Release|Any CPU = Release|Any CPU
	EndGlobalSection
	GlobalSection(ProjectConfigurationPlatforms) = postSolution
		{B8FF794B-8215-40A8-9076-479BD39BF063}.Debug|Any CPU.ActiveCfg = Debug|Any CPU
		{B8FF794B-8215-40A8-9076-479BD39BF063}.Debug|Any CPU.Build.0 = Debug|Any CPU
		{B8FF794B-8215-40A8-9076-479BD39BF063}.Release|Any CPU.ActiveCfg = Release|Any CPU
		{B8FF794B-8215-40A8-9076-479BD39BF063}.Release|Any CPU.Build.0 = Release|Any CPU
		{F493152E-28E9-4221-BE64-B11EEB2A08A3}.Debug|Any CPU.ActiveCfg = Debug|Any CPU
		{F493152E-28E9-4221-BE64-B11EEB2A08A3}.Debug|Any CPU.Build.0 = Debug|Any CPU
		{F493152E-28E9-4221-BE64-B11EEB2A08A3}.Release|Any CPU.ActiveCfg = Release|Any CPU
		{F493152E-28E9-4221-BE64-B11EEB2A08A3}.Release|Any CPU.Build.0 = Release|Any CPU
		{9B8F50BB-A07C-4CA6-B1FD-C0FD44F799D0}.Debug|Any CPU.ActiveCfg = Debug|Any CPU
		{9B8F50BB-A07C-4CA6-B1FD-C0FD44F799D0}.Debug|Any CPU.Build.0 = Debug|Any CPU
		{9B8F50BB-A07C-4CA6-B1FD-C0FD44F799D0}.Release|Any CPU.ActiveCfg = Release|Any CPU
		{9B8F50BB-A07C-4CA6-B1FD-C0FD44F799D0}.Release|Any CPU.Build.0 = Release|Any CPU
	EndGlobalSection
	GlobalSection(SolutionProperties) = preSolution
		HideSolutionNode = FALSE
	EndGlobalSection
	GlobalSection(ExtensibilityGlobals) = postSolution
		SolutionGuid = {94950DE0-E907-4775-8C36-3E442642938E}
	EndGlobalSection
EndGlobal
